
Microsoft Visual Studio Solution File, Format Version 12.00
# Visual Studio Version 16
VisualStudioVersion = 16.0.32126.315
MinimumVisualStudioVersion = 10.0.40219.1
Project("{8BC9CEB8-8B4A-11D0-8D11-00A0C91BC942}") = "zAniCrutches", "zAniCrutches\zAniCrutches.vcxproj", "{CADF3B54-03FC-41DD-9B4E-C2869AE2DF7C}"
EndProject
Project("{8BC9CEB8-8B4A-11D0-8D11-00A0C91BC942}") = "zOrcHunter", "zOrcHunter\zOrcHunter.vcxproj", "{B167408D-D1C5-4E1D-9C81-2452257861C4}"
EndProject
Project("{8BC9CEB8-8B4A-11D0-8D11-00A0C91BC942}") = "zTest", "zTest\zTest.vcxproj", "{F15A5B2F-A53C-4DB3-9E2C-EF45492537FB}"
EndProject
Project("{8BC9CEB8-8B4A-11D0-8D11-00A0C91BC942}") = "zShowFieldOffset", "zShowFieldOffset\zShowFieldOffset.vcxproj", "{FC32C323-226D-437B-BECF-CA6B017739E6}"
EndProject
Project("{8BC9CEB8-8B4A-11D0-8D11-00A0C91BC942}") = "zPerformanceLogger", "zPerformanceLogger\zPerformanceLogger.vcxproj", "{417E3BEE-EAC1-4DA1-816C-FBA854AB2867}"
EndProject
Project("{8BC9CEB8-8B4A-11D0-8D11-00A0C91BC942}") = "zElderGamer", "zElderGamer\zElderGamer.vcxproj", "{9942AFBD-8379-491E-A25D-C71730204337}"
EndProject
Project("{8BC9CEB8-8B4A-11D0-8D11-00A0C91BC942}") = "zPreciseLook", "zPreciseLook\zPreciseLook.vcxproj", "{26842AE9-1C30-4788-B0E1-595F9BEBFAEF}"
EndProject
Project("{8BC9CEB8-8B4A-11D0-8D11-00A0C91BC942}") = "zLiftItems", "zLiftItems\zLiftItems.vcxproj", "{E35A5107-3127-405E-8C32-0A659A80F3B2}"
EndProject
Project("{8BC9CEB8-8B4A-11D0-8D11-00A0C91BC942}") = "zImprovedLegacyFrying", "zImprovedLegacyFrying\zImprovedLegacyFrying.vcxproj", "{31818FA8-857E-431E-9963-C70C87D90575}"
EndProject
Project("{8BC9CEB8-8B4A-11D0-8D11-00A0C91BC942}") = "zExtendedAniUsage", "zExtendedAniUsage\zExtendedAniUsage.vcxproj", "{AFB4795F-34DD-4842-95B0-D85AC75E11A2}"
EndProject
Project("{8BC9CEB8-8B4A-11D0-8D11-00A0C91BC942}") = "zBetterTransform", "zBetterTransform\zBetterTransform.vcxproj", "{E1D2C2FD-2023-4E6F-A769-195667B2AF08}"
EndProject
Project("{8BC9CEB8-8B4A-11D0-8D11-00A0C91BC942}") = "zNoFocusFlag", "zNoFocusFlag\zNoFocusFlag.vcxproj", "{C98A4CB6-93CD-4DF0-B098-A31D04F6B095}"
EndProject
Project("{8BC9CEB8-8B4A-11D0-8D11-00A0C91BC942}") = "zNpcDistanceFix", "zNpcDistanceFix\zNpcDistanceFix.vcxproj", "{2C64A341-7EED-4637-89B9-BA79967BC369}"
EndProject
Project("{8BC9CEB8-8B4A-11D0-8D11-00A0C91BC942}") = "zLinkAbandonedMine", "zLinkAbandonedMine\zLinkAbandonedMine.vcxproj", "{3A912304-5A54-4265-83A9-449419B19942}"
EndProject
Global
	GlobalSection(SolutionConfigurationPlatforms) = preSolution
		Debug|x86 = Debug|x86
		G1 Debug|x86 = G1 Debug|x86
		G1 Release|x86 = G1 Release|x86
		G1A Debug|x86 = G1A Debug|x86
		G1A Release|x86 = G1A Release|x86
		G2 Debug|x86 = G2 Debug|x86
		G2 Release|x86 = G2 Release|x86
		G2A Debug|x86 = G2A Debug|x86
		G2A Release|x86 = G2A Release|x86
		Release|x86 = Release|x86
	EndGlobalSection
	GlobalSection(ProjectConfigurationPlatforms) = postSolution
		{CADF3B54-03FC-41DD-9B4E-C2869AE2DF7C}.Debug|x86.ActiveCfg = Debug|Win32
		{CADF3B54-03FC-41DD-9B4E-C2869AE2DF7C}.Debug|x86.Build.0 = Debug|Win32
		{CADF3B54-03FC-41DD-9B4E-C2869AE2DF7C}.G1 Debug|x86.ActiveCfg = G1 Debug|Win32
		{CADF3B54-03FC-41DD-9B4E-C2869AE2DF7C}.G1 Debug|x86.Build.0 = G1 Debug|Win32
		{CADF3B54-03FC-41DD-9B4E-C2869AE2DF7C}.G1 Release|x86.ActiveCfg = G1 Release|Win32
		{CADF3B54-03FC-41DD-9B4E-C2869AE2DF7C}.G1 Release|x86.Build.0 = G1 Release|Win32
		{CADF3B54-03FC-41DD-9B4E-C2869AE2DF7C}.G1A Debug|x86.ActiveCfg = G1A Debug|Win32
		{CADF3B54-03FC-41DD-9B4E-C2869AE2DF7C}.G1A Debug|x86.Build.0 = G1A Debug|Win32
		{CADF3B54-03FC-41DD-9B4E-C2869AE2DF7C}.G1A Release|x86.ActiveCfg = G1A Release|Win32
		{CADF3B54-03FC-41DD-9B4E-C2869AE2DF7C}.G1A Release|x86.Build.0 = G1A Release|Win32
		{CADF3B54-03FC-41DD-9B4E-C2869AE2DF7C}.G2 Debug|x86.ActiveCfg = G2 Debug|Win32
		{CADF3B54-03FC-41DD-9B4E-C2869AE2DF7C}.G2 Debug|x86.Build.0 = G2 Debug|Win32
		{CADF3B54-03FC-41DD-9B4E-C2869AE2DF7C}.G2 Release|x86.ActiveCfg = G2 Release|Win32
		{CADF3B54-03FC-41DD-9B4E-C2869AE2DF7C}.G2 Release|x86.Build.0 = G2 Release|Win32
		{CADF3B54-03FC-41DD-9B4E-C2869AE2DF7C}.G2A Debug|x86.ActiveCfg = G2A Debug|Win32
		{CADF3B54-03FC-41DD-9B4E-C2869AE2DF7C}.G2A Debug|x86.Build.0 = G2A Debug|Win32
		{CADF3B54-03FC-41DD-9B4E-C2869AE2DF7C}.G2A Release|x86.ActiveCfg = G2A Release|Win32
		{CADF3B54-03FC-41DD-9B4E-C2869AE2DF7C}.G2A Release|x86.Build.0 = G2A Release|Win32
		{CADF3B54-03FC-41DD-9B4E-C2869AE2DF7C}.Release|x86.ActiveCfg = Release|Win32
		{CADF3B54-03FC-41DD-9B4E-C2869AE2DF7C}.Release|x86.Build.0 = Release|Win32
		{B167408D-D1C5-4E1D-9C81-2452257861C4}.Debug|x86.ActiveCfg = Debug|Win32
		{B167408D-D1C5-4E1D-9C81-2452257861C4}.Debug|x86.Build.0 = Debug|Win32
		{B167408D-D1C5-4E1D-9C81-2452257861C4}.G1 Debug|x86.ActiveCfg = G1 Debug|Win32
		{B167408D-D1C5-4E1D-9C81-2452257861C4}.G1 Debug|x86.Build.0 = G1 Debug|Win32
		{B167408D-D1C5-4E1D-9C81-2452257861C4}.G1 Release|x86.ActiveCfg = G1 Release|Win32
		{B167408D-D1C5-4E1D-9C81-2452257861C4}.G1 Release|x86.Build.0 = G1 Release|Win32
		{B167408D-D1C5-4E1D-9C81-2452257861C4}.G1A Debug|x86.ActiveCfg = G1A Debug|Win32
		{B167408D-D1C5-4E1D-9C81-2452257861C4}.G1A Debug|x86.Build.0 = G1A Debug|Win32
		{B167408D-D1C5-4E1D-9C81-2452257861C4}.G1A Release|x86.ActiveCfg = G1A Release|Win32
		{B167408D-D1C5-4E1D-9C81-2452257861C4}.G1A Release|x86.Build.0 = G1A Release|Win32
		{B167408D-D1C5-4E1D-9C81-2452257861C4}.G2 Debug|x86.ActiveCfg = G2 Debug|Win32
		{B167408D-D1C5-4E1D-9C81-2452257861C4}.G2 Debug|x86.Build.0 = G2 Debug|Win32
		{B167408D-D1C5-4E1D-9C81-2452257861C4}.G2 Release|x86.ActiveCfg = G2 Release|Win32
		{B167408D-D1C5-4E1D-9C81-2452257861C4}.G2 Release|x86.Build.0 = G2 Release|Win32
		{B167408D-D1C5-4E1D-9C81-2452257861C4}.G2A Debug|x86.ActiveCfg = G2A Debug|Win32
		{B167408D-D1C5-4E1D-9C81-2452257861C4}.G2A Debug|x86.Build.0 = G2A Debug|Win32
		{B167408D-D1C5-4E1D-9C81-2452257861C4}.G2A Release|x86.ActiveCfg = G2A Release|Win32
		{B167408D-D1C5-4E1D-9C81-2452257861C4}.G2A Release|x86.Build.0 = G2A Release|Win32
		{B167408D-D1C5-4E1D-9C81-2452257861C4}.Release|x86.ActiveCfg = Release|Win32
		{B167408D-D1C5-4E1D-9C81-2452257861C4}.Release|x86.Build.0 = Release|Win32
		{F15A5B2F-A53C-4DB3-9E2C-EF45492537FB}.Debug|x86.ActiveCfg = Debug|Win32
		{F15A5B2F-A53C-4DB3-9E2C-EF45492537FB}.Debug|x86.Build.0 = Debug|Win32
		{F15A5B2F-A53C-4DB3-9E2C-EF45492537FB}.G1 Debug|x86.ActiveCfg = G1 Debug|Win32
		{F15A5B2F-A53C-4DB3-9E2C-EF45492537FB}.G1 Debug|x86.Build.0 = G1 Debug|Win32
		{F15A5B2F-A53C-4DB3-9E2C-EF45492537FB}.G1 Release|x86.ActiveCfg = G1 Release|Win32
		{F15A5B2F-A53C-4DB3-9E2C-EF45492537FB}.G1 Release|x86.Build.0 = G1 Release|Win32
		{F15A5B2F-A53C-4DB3-9E2C-EF45492537FB}.G1A Debug|x86.ActiveCfg = G1A Debug|Win32
		{F15A5B2F-A53C-4DB3-9E2C-EF45492537FB}.G1A Debug|x86.Build.0 = G1A Debug|Win32
		{F15A5B2F-A53C-4DB3-9E2C-EF45492537FB}.G1A Release|x86.ActiveCfg = G1A Release|Win32
		{F15A5B2F-A53C-4DB3-9E2C-EF45492537FB}.G1A Release|x86.Build.0 = G1A Release|Win32
		{F15A5B2F-A53C-4DB3-9E2C-EF45492537FB}.G2 Debug|x86.ActiveCfg = G2 Debug|Win32
		{F15A5B2F-A53C-4DB3-9E2C-EF45492537FB}.G2 Debug|x86.Build.0 = G2 Debug|Win32
		{F15A5B2F-A53C-4DB3-9E2C-EF45492537FB}.G2 Release|x86.ActiveCfg = G2 Release|Win32
		{F15A5B2F-A53C-4DB3-9E2C-EF45492537FB}.G2 Release|x86.Build.0 = G2 Release|Win32
		{F15A5B2F-A53C-4DB3-9E2C-EF45492537FB}.G2A Debug|x86.ActiveCfg = G2A Debug|Win32
		{F15A5B2F-A53C-4DB3-9E2C-EF45492537FB}.G2A Debug|x86.Build.0 = G2A Debug|Win32
		{F15A5B2F-A53C-4DB3-9E2C-EF45492537FB}.G2A Release|x86.ActiveCfg = G2A Release|Win32
		{F15A5B2F-A53C-4DB3-9E2C-EF45492537FB}.G2A Release|x86.Build.0 = G2A Release|Win32
		{F15A5B2F-A53C-4DB3-9E2C-EF45492537FB}.Release|x86.ActiveCfg = Release|Win32
		{F15A5B2F-A53C-4DB3-9E2C-EF45492537FB}.Release|x86.Build.0 = Release|Win32
		{FC32C323-226D-437B-BECF-CA6B017739E6}.Debug|x86.ActiveCfg = Debug|Win32
		{FC32C323-226D-437B-BECF-CA6B017739E6}.Debug|x86.Build.0 = Debug|Win32
		{FC32C323-226D-437B-BECF-CA6B017739E6}.G1 Debug|x86.ActiveCfg = G1 Debug|Win32
		{FC32C323-226D-437B-BECF-CA6B017739E6}.G1 Debug|x86.Build.0 = G1 Debug|Win32
		{FC32C323-226D-437B-BECF-CA6B017739E6}.G1 Release|x86.ActiveCfg = G1 Release|Win32
		{FC32C323-226D-437B-BECF-CA6B017739E6}.G1 Release|x86.Build.0 = G1 Release|Win32
		{FC32C323-226D-437B-BECF-CA6B017739E6}.G1A Debug|x86.ActiveCfg = G1A Debug|Win32
		{FC32C323-226D-437B-BECF-CA6B017739E6}.G1A Debug|x86.Build.0 = G1A Debug|Win32
		{FC32C323-226D-437B-BECF-CA6B017739E6}.G1A Release|x86.ActiveCfg = G1A Release|Win32
		{FC32C323-226D-437B-BECF-CA6B017739E6}.G1A Release|x86.Build.0 = G1A Release|Win32
		{FC32C323-226D-437B-BECF-CA6B017739E6}.G2 Debug|x86.ActiveCfg = G2 Debug|Win32
		{FC32C323-226D-437B-BECF-CA6B017739E6}.G2 Debug|x86.Build.0 = G2 Debug|Win32
		{FC32C323-226D-437B-BECF-CA6B017739E6}.G2 Release|x86.ActiveCfg = G2 Release|Win32
		{FC32C323-226D-437B-BECF-CA6B017739E6}.G2 Release|x86.Build.0 = G2 Release|Win32
		{FC32C323-226D-437B-BECF-CA6B017739E6}.G2A Debug|x86.ActiveCfg = G2A Debug|Win32
		{FC32C323-226D-437B-BECF-CA6B017739E6}.G2A Debug|x86.Build.0 = G2A Debug|Win32
		{FC32C323-226D-437B-BECF-CA6B017739E6}.G2A Release|x86.ActiveCfg = G2A Release|Win32
		{FC32C323-226D-437B-BECF-CA6B017739E6}.G2A Release|x86.Build.0 = G2A Release|Win32
		{FC32C323-226D-437B-BECF-CA6B017739E6}.Release|x86.ActiveCfg = Release|Win32
		{FC32C323-226D-437B-BECF-CA6B017739E6}.Release|x86.Build.0 = Release|Win32
		{417E3BEE-EAC1-4DA1-816C-FBA854AB2867}.Debug|x86.ActiveCfg = Debug|Win32
		{417E3BEE-EAC1-4DA1-816C-FBA854AB2867}.Debug|x86.Build.0 = Debug|Win32
		{417E3BEE-EAC1-4DA1-816C-FBA854AB2867}.G1 Debug|x86.ActiveCfg = G1 Debug|Win32
		{417E3BEE-EAC1-4DA1-816C-FBA854AB2867}.G1 Debug|x86.Build.0 = G1 Debug|Win32
		{417E3BEE-EAC1-4DA1-816C-FBA854AB2867}.G1 Release|x86.ActiveCfg = G1 Release|Win32
		{417E3BEE-EAC1-4DA1-816C-FBA854AB2867}.G1 Release|x86.Build.0 = G1 Release|Win32
		{417E3BEE-EAC1-4DA1-816C-FBA854AB2867}.G1A Debug|x86.ActiveCfg = G1A Debug|Win32
		{417E3BEE-EAC1-4DA1-816C-FBA854AB2867}.G1A Debug|x86.Build.0 = G1A Debug|Win32
		{417E3BEE-EAC1-4DA1-816C-FBA854AB2867}.G1A Release|x86.ActiveCfg = G1A Release|Win32
		{417E3BEE-EAC1-4DA1-816C-FBA854AB2867}.G1A Release|x86.Build.0 = G1A Release|Win32
		{417E3BEE-EAC1-4DA1-816C-FBA854AB2867}.G2 Debug|x86.ActiveCfg = G2 Debug|Win32
		{417E3BEE-EAC1-4DA1-816C-FBA854AB2867}.G2 Debug|x86.Build.0 = G2 Debug|Win32
		{417E3BEE-EAC1-4DA1-816C-FBA854AB2867}.G2 Release|x86.ActiveCfg = G2 Release|Win32
		{417E3BEE-EAC1-4DA1-816C-FBA854AB2867}.G2 Release|x86.Build.0 = G2 Release|Win32
		{417E3BEE-EAC1-4DA1-816C-FBA854AB2867}.G2A Debug|x86.ActiveCfg = G2A Debug|Win32
		{417E3BEE-EAC1-4DA1-816C-FBA854AB2867}.G2A Debug|x86.Build.0 = G2A Debug|Win32
		{417E3BEE-EAC1-4DA1-816C-FBA854AB2867}.G2A Release|x86.ActiveCfg = G2A Release|Win32
		{417E3BEE-EAC1-4DA1-816C-FBA854AB2867}.G2A Release|x86.Build.0 = G2A Release|Win32
		{417E3BEE-EAC1-4DA1-816C-FBA854AB2867}.Release|x86.ActiveCfg = Release|Win32
		{417E3BEE-EAC1-4DA1-816C-FBA854AB2867}.Release|x86.Build.0 = Release|Win32
		{9942AFBD-8379-491E-A25D-C71730204337}.Debug|x86.ActiveCfg = Debug|Win32
		{9942AFBD-8379-491E-A25D-C71730204337}.Debug|x86.Build.0 = Debug|Win32
		{9942AFBD-8379-491E-A25D-C71730204337}.G1 Debug|x86.ActiveCfg = G1 Debug|Win32
		{9942AFBD-8379-491E-A25D-C71730204337}.G1 Debug|x86.Build.0 = G1 Debug|Win32
		{9942AFBD-8379-491E-A25D-C71730204337}.G1 Release|x86.ActiveCfg = G1 Release|Win32
		{9942AFBD-8379-491E-A25D-C71730204337}.G1 Release|x86.Build.0 = G1 Release|Win32
		{9942AFBD-8379-491E-A25D-C71730204337}.G1A Debug|x86.ActiveCfg = G1A Debug|Win32
		{9942AFBD-8379-491E-A25D-C71730204337}.G1A Debug|x86.Build.0 = G1A Debug|Win32
		{9942AFBD-8379-491E-A25D-C71730204337}.G1A Release|x86.ActiveCfg = G1A Release|Win32
		{9942AFBD-8379-491E-A25D-C71730204337}.G1A Release|x86.Build.0 = G1A Release|Win32
		{9942AFBD-8379-491E-A25D-C71730204337}.G2 Debug|x86.ActiveCfg = G2 Debug|Win32
		{9942AFBD-8379-491E-A25D-C71730204337}.G2 Debug|x86.Build.0 = G2 Debug|Win32
		{9942AFBD-8379-491E-A25D-C71730204337}.G2 Release|x86.ActiveCfg = G2 Release|Win32
		{9942AFBD-8379-491E-A25D-C71730204337}.G2 Release|x86.Build.0 = G2 Release|Win32
		{9942AFBD-8379-491E-A25D-C71730204337}.G2A Debug|x86.ActiveCfg = G2A Debug|Win32
		{9942AFBD-8379-491E-A25D-C71730204337}.G2A Debug|x86.Build.0 = G2A Debug|Win32
		{9942AFBD-8379-491E-A25D-C71730204337}.G2A Release|x86.ActiveCfg = G2A Release|Win32
		{9942AFBD-8379-491E-A25D-C71730204337}.G2A Release|x86.Build.0 = G2A Release|Win32
		{9942AFBD-8379-491E-A25D-C71730204337}.Release|x86.ActiveCfg = Release|Win32
		{9942AFBD-8379-491E-A25D-C71730204337}.Release|x86.Build.0 = Release|Win32
		{26842AE9-1C30-4788-B0E1-595F9BEBFAEF}.Debug|x86.ActiveCfg = Debug|Win32
		{26842AE9-1C30-4788-B0E1-595F9BEBFAEF}.Debug|x86.Build.0 = Debug|Win32
		{26842AE9-1C30-4788-B0E1-595F9BEBFAEF}.G1 Debug|x86.ActiveCfg = G1 Debug|Win32
		{26842AE9-1C30-4788-B0E1-595F9BEBFAEF}.G1 Debug|x86.Build.0 = G1 Debug|Win32
		{26842AE9-1C30-4788-B0E1-595F9BEBFAEF}.G1 Release|x86.ActiveCfg = G1 Release|Win32
		{26842AE9-1C30-4788-B0E1-595F9BEBFAEF}.G1 Release|x86.Build.0 = G1 Release|Win32
		{26842AE9-1C30-4788-B0E1-595F9BEBFAEF}.G1A Debug|x86.ActiveCfg = G1A Debug|Win32
		{26842AE9-1C30-4788-B0E1-595F9BEBFAEF}.G1A Debug|x86.Build.0 = G1A Debug|Win32
		{26842AE9-1C30-4788-B0E1-595F9BEBFAEF}.G1A Release|x86.ActiveCfg = G1A Release|Win32
		{26842AE9-1C30-4788-B0E1-595F9BEBFAEF}.G1A Release|x86.Build.0 = G1A Release|Win32
		{26842AE9-1C30-4788-B0E1-595F9BEBFAEF}.G2 Debug|x86.ActiveCfg = G2 Debug|Win32
		{26842AE9-1C30-4788-B0E1-595F9BEBFAEF}.G2 Debug|x86.Build.0 = G2 Debug|Win32
		{26842AE9-1C30-4788-B0E1-595F9BEBFAEF}.G2 Release|x86.ActiveCfg = G2 Release|Win32
		{26842AE9-1C30-4788-B0E1-595F9BEBFAEF}.G2 Release|x86.Build.0 = G2 Release|Win32
		{26842AE9-1C30-4788-B0E1-595F9BEBFAEF}.G2A Debug|x86.ActiveCfg = G2A Debug|Win32
		{26842AE9-1C30-4788-B0E1-595F9BEBFAEF}.G2A Debug|x86.Build.0 = G2A Debug|Win32
		{26842AE9-1C30-4788-B0E1-595F9BEBFAEF}.G2A Release|x86.ActiveCfg = G2A Release|Win32
		{26842AE9-1C30-4788-B0E1-595F9BEBFAEF}.G2A Release|x86.Build.0 = G2A Release|Win32
		{26842AE9-1C30-4788-B0E1-595F9BEBFAEF}.Release|x86.ActiveCfg = Release|Win32
		{26842AE9-1C30-4788-B0E1-595F9BEBFAEF}.Release|x86.Build.0 = Release|Win32
		{E35A5107-3127-405E-8C32-0A659A80F3B2}.Debug|x86.ActiveCfg = Debug|Win32
		{E35A5107-3127-405E-8C32-0A659A80F3B2}.Debug|x86.Build.0 = Debug|Win32
		{E35A5107-3127-405E-8C32-0A659A80F3B2}.G1 Debug|x86.ActiveCfg = G1 Debug|Win32
		{E35A5107-3127-405E-8C32-0A659A80F3B2}.G1 Debug|x86.Build.0 = G1 Debug|Win32
		{E35A5107-3127-405E-8C32-0A659A80F3B2}.G1 Release|x86.ActiveCfg = G1 Release|Win32
		{E35A5107-3127-405E-8C32-0A659A80F3B2}.G1 Release|x86.Build.0 = G1 Release|Win32
		{E35A5107-3127-405E-8C32-0A659A80F3B2}.G1A Debug|x86.ActiveCfg = G1A Debug|Win32
		{E35A5107-3127-405E-8C32-0A659A80F3B2}.G1A Debug|x86.Build.0 = G1A Debug|Win32
		{E35A5107-3127-405E-8C32-0A659A80F3B2}.G1A Release|x86.ActiveCfg = G1A Release|Win32
		{E35A5107-3127-405E-8C32-0A659A80F3B2}.G1A Release|x86.Build.0 = G1A Release|Win32
		{E35A5107-3127-405E-8C32-0A659A80F3B2}.G2 Debug|x86.ActiveCfg = G2 Debug|Win32
		{E35A5107-3127-405E-8C32-0A659A80F3B2}.G2 Debug|x86.Build.0 = G2 Debug|Win32
		{E35A5107-3127-405E-8C32-0A659A80F3B2}.G2 Release|x86.ActiveCfg = G2 Release|Win32
		{E35A5107-3127-405E-8C32-0A659A80F3B2}.G2 Release|x86.Build.0 = G2 Release|Win32
		{E35A5107-3127-405E-8C32-0A659A80F3B2}.G2A Debug|x86.ActiveCfg = G2A Debug|Win32
		{E35A5107-3127-405E-8C32-0A659A80F3B2}.G2A Debug|x86.Build.0 = G2A Debug|Win32
		{E35A5107-3127-405E-8C32-0A659A80F3B2}.G2A Release|x86.ActiveCfg = G2A Release|Win32
		{E35A5107-3127-405E-8C32-0A659A80F3B2}.G2A Release|x86.Build.0 = G2A Release|Win32
		{E35A5107-3127-405E-8C32-0A659A80F3B2}.Release|x86.ActiveCfg = Release|Win32
		{E35A5107-3127-405E-8C32-0A659A80F3B2}.Release|x86.Build.0 = Release|Win32
		{31818FA8-857E-431E-9963-C70C87D90575}.Debug|x86.ActiveCfg = Debug|Win32
		{31818FA8-857E-431E-9963-C70C87D90575}.Debug|x86.Build.0 = Debug|Win32
		{31818FA8-857E-431E-9963-C70C87D90575}.G1 Debug|x86.ActiveCfg = G1 Debug|Win32
		{31818FA8-857E-431E-9963-C70C87D90575}.G1 Debug|x86.Build.0 = G1 Debug|Win32
		{31818FA8-857E-431E-9963-C70C87D90575}.G1 Release|x86.ActiveCfg = G1 Release|Win32
		{31818FA8-857E-431E-9963-C70C87D90575}.G1 Release|x86.Build.0 = G1 Release|Win32
		{31818FA8-857E-431E-9963-C70C87D90575}.G1A Debug|x86.ActiveCfg = G1A Debug|Win32
		{31818FA8-857E-431E-9963-C70C87D90575}.G1A Debug|x86.Build.0 = G1A Debug|Win32
		{31818FA8-857E-431E-9963-C70C87D90575}.G1A Release|x86.ActiveCfg = G1A Release|Win32
		{31818FA8-857E-431E-9963-C70C87D90575}.G1A Release|x86.Build.0 = G1A Release|Win32
		{31818FA8-857E-431E-9963-C70C87D90575}.G2 Debug|x86.ActiveCfg = G2 Debug|Win32
		{31818FA8-857E-431E-9963-C70C87D90575}.G2 Debug|x86.Build.0 = G2 Debug|Win32
		{31818FA8-857E-431E-9963-C70C87D90575}.G2 Release|x86.ActiveCfg = G2 Release|Win32
		{31818FA8-857E-431E-9963-C70C87D90575}.G2 Release|x86.Build.0 = G2 Release|Win32
		{31818FA8-857E-431E-9963-C70C87D90575}.G2A Debug|x86.ActiveCfg = G2A Debug|Win32
		{31818FA8-857E-431E-9963-C70C87D90575}.G2A Debug|x86.Build.0 = G2A Debug|Win32
		{31818FA8-857E-431E-9963-C70C87D90575}.G2A Release|x86.ActiveCfg = G2A Release|Win32
		{31818FA8-857E-431E-9963-C70C87D90575}.G2A Release|x86.Build.0 = G2A Release|Win32
		{31818FA8-857E-431E-9963-C70C87D90575}.Release|x86.ActiveCfg = Release|Win32
		{31818FA8-857E-431E-9963-C70C87D90575}.Release|x86.Build.0 = Release|Win32
		{AFB4795F-34DD-4842-95B0-D85AC75E11A2}.Debug|x86.ActiveCfg = Debug|Win32
		{AFB4795F-34DD-4842-95B0-D85AC75E11A2}.Debug|x86.Build.0 = Debug|Win32
		{AFB4795F-34DD-4842-95B0-D85AC75E11A2}.G1 Debug|x86.ActiveCfg = G1 Debug|Win32
		{AFB4795F-34DD-4842-95B0-D85AC75E11A2}.G1 Debug|x86.Build.0 = G1 Debug|Win32
		{AFB4795F-34DD-4842-95B0-D85AC75E11A2}.G1 Release|x86.ActiveCfg = G1 Release|Win32
		{AFB4795F-34DD-4842-95B0-D85AC75E11A2}.G1 Release|x86.Build.0 = G1 Release|Win32
		{AFB4795F-34DD-4842-95B0-D85AC75E11A2}.G1A Debug|x86.ActiveCfg = G1A Debug|Win32
		{AFB4795F-34DD-4842-95B0-D85AC75E11A2}.G1A Debug|x86.Build.0 = G1A Debug|Win32
		{AFB4795F-34DD-4842-95B0-D85AC75E11A2}.G1A Release|x86.ActiveCfg = G1A Release|Win32
		{AFB4795F-34DD-4842-95B0-D85AC75E11A2}.G1A Release|x86.Build.0 = G1A Release|Win32
		{AFB4795F-34DD-4842-95B0-D85AC75E11A2}.G2 Debug|x86.ActiveCfg = G2 Debug|Win32
		{AFB4795F-34DD-4842-95B0-D85AC75E11A2}.G2 Debug|x86.Build.0 = G2 Debug|Win32
		{AFB4795F-34DD-4842-95B0-D85AC75E11A2}.G2 Release|x86.ActiveCfg = G2 Release|Win32
		{AFB4795F-34DD-4842-95B0-D85AC75E11A2}.G2 Release|x86.Build.0 = G2 Release|Win32
		{AFB4795F-34DD-4842-95B0-D85AC75E11A2}.G2A Debug|x86.ActiveCfg = G2A Debug|Win32
		{AFB4795F-34DD-4842-95B0-D85AC75E11A2}.G2A Debug|x86.Build.0 = G2A Debug|Win32
		{AFB4795F-34DD-4842-95B0-D85AC75E11A2}.G2A Release|x86.ActiveCfg = G2A Release|Win32
		{AFB4795F-34DD-4842-95B0-D85AC75E11A2}.G2A Release|x86.Build.0 = G2A Release|Win32
		{AFB4795F-34DD-4842-95B0-D85AC75E11A2}.Release|x86.ActiveCfg = Release|Win32
		{AFB4795F-34DD-4842-95B0-D85AC75E11A2}.Release|x86.Build.0 = Release|Win32
		{E1D2C2FD-2023-4E6F-A769-195667B2AF08}.Debug|x86.ActiveCfg = Debug|Win32
		{E1D2C2FD-2023-4E6F-A769-195667B2AF08}.Debug|x86.Build.0 = Debug|Win32
		{E1D2C2FD-2023-4E6F-A769-195667B2AF08}.G1 Debug|x86.ActiveCfg = G1 Debug|Win32
		{E1D2C2FD-2023-4E6F-A769-195667B2AF08}.G1 Debug|x86.Build.0 = G1 Debug|Win32
		{E1D2C2FD-2023-4E6F-A769-195667B2AF08}.G1 Release|x86.ActiveCfg = G1 Release|Win32
		{E1D2C2FD-2023-4E6F-A769-195667B2AF08}.G1 Release|x86.Build.0 = G1 Release|Win32
		{E1D2C2FD-2023-4E6F-A769-195667B2AF08}.G1A Debug|x86.ActiveCfg = G1A Debug|Win32
		{E1D2C2FD-2023-4E6F-A769-195667B2AF08}.G1A Debug|x86.Build.0 = G1A Debug|Win32
		{E1D2C2FD-2023-4E6F-A769-195667B2AF08}.G1A Release|x86.ActiveCfg = G1A Release|Win32
		{E1D2C2FD-2023-4E6F-A769-195667B2AF08}.G1A Release|x86.Build.0 = G1A Release|Win32
		{E1D2C2FD-2023-4E6F-A769-195667B2AF08}.G2 Debug|x86.ActiveCfg = G2 Debug|Win32
		{E1D2C2FD-2023-4E6F-A769-195667B2AF08}.G2 Debug|x86.Build.0 = G2 Debug|Win32
		{E1D2C2FD-2023-4E6F-A769-195667B2AF08}.G2 Release|x86.ActiveCfg = G2 Release|Win32
		{E1D2C2FD-2023-4E6F-A769-195667B2AF08}.G2 Release|x86.Build.0 = G2 Release|Win32
		{E1D2C2FD-2023-4E6F-A769-195667B2AF08}.G2A Debug|x86.ActiveCfg = G2A Debug|Win32
		{E1D2C2FD-2023-4E6F-A769-195667B2AF08}.G2A Debug|x86.Build.0 = G2A Debug|Win32
		{E1D2C2FD-2023-4E6F-A769-195667B2AF08}.G2A Release|x86.ActiveCfg = G2A Release|Win32
		{E1D2C2FD-2023-4E6F-A769-195667B2AF08}.G2A Release|x86.Build.0 = G2A Release|Win32
		{E1D2C2FD-2023-4E6F-A769-195667B2AF08}.Release|x86.ActiveCfg = Release|Win32
		{E1D2C2FD-2023-4E6F-A769-195667B2AF08}.Release|x86.Build.0 = Release|Win32
		{C98A4CB6-93CD-4DF0-B098-A31D04F6B095}.Debug|x86.ActiveCfg = Debug|Win32
		{C98A4CB6-93CD-4DF0-B098-A31D04F6B095}.Debug|x86.Build.0 = Debug|Win32
		{C98A4CB6-93CD-4DF0-B098-A31D04F6B095}.G1 Debug|x86.ActiveCfg = G1 Debug|Win32
		{C98A4CB6-93CD-4DF0-B098-A31D04F6B095}.G1 Debug|x86.Build.0 = G1 Debug|Win32
		{C98A4CB6-93CD-4DF0-B098-A31D04F6B095}.G1 Release|x86.ActiveCfg = G1 Release|Win32
		{C98A4CB6-93CD-4DF0-B098-A31D04F6B095}.G1 Release|x86.Build.0 = G1 Release|Win32
		{C98A4CB6-93CD-4DF0-B098-A31D04F6B095}.G1A Debug|x86.ActiveCfg = G1A Debug|Win32
		{C98A4CB6-93CD-4DF0-B098-A31D04F6B095}.G1A Debug|x86.Build.0 = G1A Debug|Win32
		{C98A4CB6-93CD-4DF0-B098-A31D04F6B095}.G1A Release|x86.ActiveCfg = G1A Release|Win32
		{C98A4CB6-93CD-4DF0-B098-A31D04F6B095}.G1A Release|x86.Build.0 = G1A Release|Win32
		{C98A4CB6-93CD-4DF0-B098-A31D04F6B095}.G2 Debug|x86.ActiveCfg = G2 Debug|Win32
		{C98A4CB6-93CD-4DF0-B098-A31D04F6B095}.G2 Debug|x86.Build.0 = G2 Debug|Win32
		{C98A4CB6-93CD-4DF0-B098-A31D04F6B095}.G2 Release|x86.ActiveCfg = G2 Release|Win32
		{C98A4CB6-93CD-4DF0-B098-A31D04F6B095}.G2 Release|x86.Build.0 = G2 Release|Win32
		{C98A4CB6-93CD-4DF0-B098-A31D04F6B095}.G2A Debug|x86.ActiveCfg = G2A Debug|Win32
		{C98A4CB6-93CD-4DF0-B098-A31D04F6B095}.G2A Debug|x86.Build.0 = G2A Debug|Win32
		{C98A4CB6-93CD-4DF0-B098-A31D04F6B095}.G2A Release|x86.ActiveCfg = G2A Release|Win32
		{C98A4CB6-93CD-4DF0-B098-A31D04F6B095}.G2A Release|x86.Build.0 = G2A Release|Win32
		{C98A4CB6-93CD-4DF0-B098-A31D04F6B095}.Release|x86.ActiveCfg = Release|Win32
		{C98A4CB6-93CD-4DF0-B098-A31D04F6B095}.Release|x86.Build.0 = Release|Win32
		{2C64A341-7EED-4637-89B9-BA79967BC369}.Debug|x86.ActiveCfg = Debug|Win32
		{2C64A341-7EED-4637-89B9-BA79967BC369}.Debug|x86.Build.0 = Debug|Win32
		{2C64A341-7EED-4637-89B9-BA79967BC369}.G1 Debug|x86.ActiveCfg = G1 Debug|Win32
		{2C64A341-7EED-4637-89B9-BA79967BC369}.G1 Debug|x86.Build.0 = G1 Debug|Win32
		{2C64A341-7EED-4637-89B9-BA79967BC369}.G1 Release|x86.ActiveCfg = G1 Release|Win32
		{2C64A341-7EED-4637-89B9-BA79967BC369}.G1 Release|x86.Build.0 = G1 Release|Win32
		{2C64A341-7EED-4637-89B9-BA79967BC369}.G1A Debug|x86.ActiveCfg = G1A Debug|Win32
		{2C64A341-7EED-4637-89B9-BA79967BC369}.G1A Debug|x86.Build.0 = G1A Debug|Win32
		{2C64A341-7EED-4637-89B9-BA79967BC369}.G1A Release|x86.ActiveCfg = G1A Release|Win32
		{2C64A341-7EED-4637-89B9-BA79967BC369}.G1A Release|x86.Build.0 = G1A Release|Win32
		{2C64A341-7EED-4637-89B9-BA79967BC369}.G2 Debug|x86.ActiveCfg = G2 Debug|Win32
		{2C64A341-7EED-4637-89B9-BA79967BC369}.G2 Debug|x86.Build.0 = G2 Debug|Win32
		{2C64A341-7EED-4637-89B9-BA79967BC369}.G2 Release|x86.ActiveCfg = G2 Release|Win32
		{2C64A341-7EED-4637-89B9-BA79967BC369}.G2 Release|x86.Build.0 = G2 Release|Win32
		{2C64A341-7EED-4637-89B9-BA79967BC369}.G2A Debug|x86.ActiveCfg = G2A Debug|Win32
		{2C64A341-7EED-4637-89B9-BA79967BC369}.G2A Debug|x86.Build.0 = G2A Debug|Win32
		{2C64A341-7EED-4637-89B9-BA79967BC369}.G2A Release|x86.ActiveCfg = G2A Release|Win32
		{2C64A341-7EED-4637-89B9-BA79967BC369}.G2A Release|x86.Build.0 = G2A Release|Win32
		{2C64A341-7EED-4637-89B9-BA79967BC369}.Release|x86.ActiveCfg = Release|Win32
		{2C64A341-7EED-4637-89B9-BA79967BC369}.Release|x86.Build.0 = Release|Win32
		{3A912304-5A54-4265-83A9-449419B19942}.Debug|x86.ActiveCfg = Debug|Win32
		{3A912304-5A54-4265-83A9-449419B19942}.Debug|x86.Build.0 = Debug|Win32
		{3A912304-5A54-4265-83A9-449419B19942}.G1 Debug|x86.ActiveCfg = G1 Debug|Win32
		{3A912304-5A54-4265-83A9-449419B19942}.G1 Debug|x86.Build.0 = G1 Debug|Win32
		{3A912304-5A54-4265-83A9-449419B19942}.G1 Release|x86.ActiveCfg = G1 Release|Win32
		{3A912304-5A54-4265-83A9-449419B19942}.G1 Release|x86.Build.0 = G1 Release|Win32
		{3A912304-5A54-4265-83A9-449419B19942}.G1A Debug|x86.ActiveCfg = G1A Debug|Win32
		{3A912304-5A54-4265-83A9-449419B19942}.G1A Debug|x86.Build.0 = G1A Debug|Win32
		{3A912304-5A54-4265-83A9-449419B19942}.G1A Release|x86.ActiveCfg = G1A Release|Win32
		{3A912304-5A54-4265-83A9-449419B19942}.G1A Release|x86.Build.0 = G1A Release|Win32
		{3A912304-5A54-4265-83A9-449419B19942}.G2 Debug|x86.ActiveCfg = G2 Debug|Win32
		{3A912304-5A54-4265-83A9-449419B19942}.G2 Debug|x86.Build.0 = G2 Debug|Win32
		{3A912304-5A54-4265-83A9-449419B19942}.G2 Release|x86.ActiveCfg = G2 Release|Win32
		{3A912304-5A54-4265-83A9-449419B19942}.G2 Release|x86.Build.0 = G2 Release|Win32
		{3A912304-5A54-4265-83A9-449419B19942}.G2A Debug|x86.ActiveCfg = G2A Debug|Win32
		{3A912304-5A54-4265-83A9-449419B19942}.G2A Debug|x86.Build.0 = G2A Debug|Win32
		{3A912304-5A54-4265-83A9-449419B19942}.G2A Release|x86.ActiveCfg = G2A Release|Win32
		{3A912304-5A54-4265-83A9-449419B19942}.G2A Release|x86.Build.0 = G2A Release|Win32
		{3A912304-5A54-4265-83A9-449419B19942}.Release|x86.ActiveCfg = Release|Win32
		{3A912304-5A54-4265-83A9-449419B19942}.Release|x86.Build.0 = Release|Win32
	EndGlobalSection
	GlobalSection(SolutionProperties) = preSolution
		HideSolutionNode = FALSE
	EndGlobalSection
	GlobalSection(ExtensibilityGlobals) = postSolution
		SolutionGuid = {2D72F1BE-0E24-4455-B105-A378E2885880}
	EndGlobalSection
EndGlobal
